
Microsoft Visual Studio Solution File, Format Version 12.00
# Visual Studio Version 16
VisualStudioVersion = 16.0.28803.156
MinimumVisualStudioVersion = 10.0.40219.1
Project("{FAE04EC0-301F-11D3-BF4B-00C04F79EFBC}") = "WindowsFormsApp1", "WindowsFormsApp1\WindowsFormsApp1.csproj", "{6A858038-EB5D-46F6-BC61-BF4313F7519C}"
EndProject
Global
	GlobalSection(SolutionConfigurationPlatforms) = preSolution
		Debug|Any CPU = Debug|Any CPU
		Release|Any CPU = Release|Any CPU
	EndGlobalSection
	GlobalSection(ProjectConfigurationPlatforms) = postSolution
		{6A858038-EB5D-46F6-BC61-BF4313F7519C}.Debug|Any CPU.ActiveCfg = Debug|Any CPU
		{6A858038-EB5D-46F6-BC61-BF4313F7519C}.Debug|Any CPU.Build.0 = Debug|Any CPU
		{6A858038-EB5D-46F6-BC61-BF4313F7519C}.Release|Any CPU.ActiveCfg = Release|Any CPU
		{6A858038-EB5D-46F6-BC61-BF4313F7519C}.Release|Any CPU.Build.0 = Release|Any CPU
	EndGlobalSection
	GlobalSection(SolutionProperties) = preSolution
		HideSolutionNode = FALSE
	EndGlobalSection
	GlobalSection(ExtensibilityGlobals) = postSolution
		SolutionGuid = {619A3B3A-CAE2-4915-95E5-BFF7C02A1A11}
	EndGlobalSection
EndGlobal
